
Microsoft Visual Studio Solution File, Format Version 12.00
# Visual Studio Version 17
VisualStudioVersion = 17.1.32210.238
MinimumVisualStudioVersion = 10.0.40219.1
Project("{9A19103F-16F7-4668-BE54-9A1E7A4F7556}") = "Kan-Do", "Kan-Do.csproj", "{5CE65219-66E5-45DB-88F6-4144BCE50D24}"
EndProject
Project("{2150E333-8FDC-42A3-9474-1A3956D46DE8}") = "Solution Items", "Solution Items", "{37C93835-8BB8-44F4-B334-48A0E6C7DE1D}"
	ProjectSection(SolutionItems) = preProject
		.editorconfig = .editorconfig
	EndProjectSection
EndProject
Global
	GlobalSection(SolutionConfigurationPlatforms) = preSolution
		Debug|Any CPU = Debug|Any CPU
		Release|Any CPU = Release|Any CPU
	EndGlobalSection
	GlobalSection(ProjectConfigurationPlatforms) = postSolution
		{5CE65219-66E5-45DB-88F6-4144BCE50D24}.Debug|Any CPU.ActiveCfg = Debug|Any CPU
		{5CE65219-66E5-45DB-88F6-4144BCE50D24}.Debug|Any CPU.Build.0 = Debug|Any CPU
		{5CE65219-66E5-45DB-88F6-4144BCE50D24}.Release|Any CPU.ActiveCfg = Release|Any CPU
		{5CE65219-66E5-45DB-88F6-4144BCE50D24}.Release|Any CPU.Build.0 = Release|Any CPU
	EndGlobalSection
	GlobalSection(SolutionProperties) = preSolution
		HideSolutionNode = FALSE
	EndGlobalSection
	GlobalSection(ExtensibilityGlobals) = postSolution
		SolutionGuid = {A75F3AB6-8A61-4CF1-86B6-5C56C9C3F1C0}
	EndGlobalSection
EndGlobal
